#MicroXplorer Configuration settings - do not modify
ADC1.Channel-4\#ChannelRegularConversion=ADC_CHANNEL_5
ADC1.Channel-5\#ChannelRegularConversion=ADC_CHANNEL_7
ADC1.Channel-6\#ChannelRegularConversion=ADC_CHANNEL_11
ADC1.Channel-7\#ChannelRegularConversion=ADC_CHANNEL_12
ADC1.Channel-8\#ChannelRegularConversion=ADC_CHANNEL_13
ADC1.Channel-9\#ChannelRegularConversion=ADC_CHANNEL_14
ADC1.ContinuousConvMode=DISABLE
ADC1.DMAContinuousRequests=DISABLE
ADC1.EOCSelection=ADC_EOC_SEQ_CONV
ADC1.IPParameters=master,NbrOfConversionFlag,Channel-4\#ChannelRegularConversion,ContinuousConvMode,Rank-5\#ChannelRegularConversion,Channel-5\#ChannelRegularConversion,SamplingTime-5\#ChannelRegularConversion,NbrOfConversion,SamplingTime-4\#ChannelRegularConversion,DMAContinuousRequests,Rank-6\#ChannelRegularConversion,Channel-6\#ChannelRegularConversion,SamplingTime-6\#ChannelRegularConversion,Resolution,EOCSelection,Rank-7\#ChannelRegularConversion,Channel-7\#ChannelRegularConversion,SamplingTime-7\#ChannelRegularConversion,Rank-8\#ChannelRegularConversion,Channel-8\#ChannelRegularConversion,SamplingTime-8\#ChannelRegularConversion,Rank-9\#ChannelRegularConversion,Channel-9\#ChannelRegularConversion,SamplingTime-9\#ChannelRegularConversion
ADC1.NbrOfConversion=6
ADC1.NbrOfConversionFlag=1
ADC1.Rank-5\#ChannelRegularConversion=2
ADC1.Rank-6\#ChannelRegularConversion=3
ADC1.Rank-7\#ChannelRegularConversion=4
ADC1.Rank-8\#ChannelRegularConversion=5
ADC1.Rank-9\#ChannelRegularConversion=6
ADC1.Resolution=ADC_RESOLUTION_12B
ADC1.SamplingTime-4\#ChannelRegularConversion=ADC_SAMPLETIME_3CYCLES
ADC1.SamplingTime-5\#ChannelRegularConversion=ADC_SAMPLETIME_3CYCLES
ADC1.SamplingTime-6\#ChannelRegularConversion=ADC_SAMPLETIME_3CYCLES
ADC1.SamplingTime-7\#ChannelRegularConversion=ADC_SAMPLETIME_3CYCLES
ADC1.SamplingTime-8\#ChannelRegularConversion=ADC_SAMPLETIME_3CYCLES
ADC1.SamplingTime-9\#ChannelRegularConversion=ADC_SAMPLETIME_3CYCLES
ADC1.master=1
CAD.formats=
CAD.pinconfig=
CAD.provider=
DMA2D.ColorMode=DMA2D_OUTPUT_RGB565
DMA2D.IPParameters=ColorMode
Dma.ADC1.0.Direction=DMA_PERIPH_TO_MEMORY
Dma.ADC1.0.FIFOMode=DMA_FIFOMODE_DISABLE
Dma.ADC1.0.Instance=DMA2_Stream4
Dma.ADC1.0.MemDataAlignment=DMA_MDATAALIGN_HALFWORD
Dma.ADC1.0.MemInc=DMA_MINC_ENABLE
Dma.ADC1.0.Mode=DMA_CIRCULAR
Dma.ADC1.0.PeriphDataAlignment=DMA_PDATAALIGN_HALFWORD
Dma.ADC1.0.PeriphInc=DMA_PINC_DISABLE
Dma.ADC1.0.Priority=DMA_PRIORITY_HIGH
Dma.ADC1.0.RequestParameters=Instance,Direction,PeriphInc,MemInc,PeriphDataAlignment,MemDataAlignment,Mode,Priority,FIFOMode
Dma.Request0=ADC1
Dma.Request1=TIM4_CH1
Dma.Request2=USART3_TX
Dma.RequestsNb=3
Dma.TIM4_CH1.1.Direction=DMA_MEMORY_TO_PERIPH
Dma.TIM4_CH1.1.FIFOMode=DMA_FIFOMODE_DISABLE
Dma.TIM4_CH1.1.Instance=DMA1_Stream0
Dma.TIM4_CH1.1.MemDataAlignment=DMA_MDATAALIGN_HALFWORD
Dma.TIM4_CH1.1.MemInc=DMA_MINC_ENABLE
Dma.TIM4_CH1.1.Mode=DMA_NORMAL
Dma.TIM4_CH1.1.PeriphDataAlignment=DMA_PDATAALIGN_HALFWORD
Dma.TIM4_CH1.1.PeriphInc=DMA_PINC_DISABLE
Dma.TIM4_CH1.1.Priority=DMA_PRIORITY_LOW
Dma.TIM4_CH1.1.RequestParameters=Instance,Direction,PeriphInc,MemInc,PeriphDataAlignment,MemDataAlignment,Mode,Priority,FIFOMode
Dma.USART3_TX.2.Direction=DMA_MEMORY_TO_PERIPH
Dma.USART3_TX.2.FIFOMode=DMA_FIFOMODE_DISABLE
Dma.USART3_TX.2.Instance=DMA1_Stream3
Dma.USART3_TX.2.MemDataAlignment=DMA_MDATAALIGN_BYTE
Dma.USART3_TX.2.MemInc=DMA_MINC_ENABLE
Dma.USART3_TX.2.Mode=DMA_NORMAL
Dma.USART3_TX.2.PeriphDataAlignment=DMA_PDATAALIGN_BYTE
Dma.USART3_TX.2.PeriphInc=DMA_PINC_DISABLE
Dma.USART3_TX.2.Priority=DMA_PRIORITY_MEDIUM
Dma.USART3_TX.2.RequestParameters=Instance,Direction,PeriphInc,MemInc,PeriphDataAlignment,MemDataAlignment,Mode,Priority,FIFOMode
File.Version=6
GPIO.groupedBy=Group By Peripherals
KeepUserPlacement=false
Mcu.CPN=STM32F429ZIT6
Mcu.Family=STM32F4
Mcu.IP0=ADC1
Mcu.IP1=DMA
Mcu.IP10=TIM4
Mcu.IP11=USART3
Mcu.IP2=DMA2D
Mcu.IP3=FMC
Mcu.IP4=I2C3
Mcu.IP5=LTDC
Mcu.IP6=NVIC
Mcu.IP7=RCC
Mcu.IP8=SPI5
Mcu.IP9=SYS
Mcu.IPNb=12
Mcu.Name=STM32F429ZITx
Mcu.Package=LQFP144
Mcu.Pin0=PE2
Mcu.Pin1=PE3
Mcu.Pin10=PF7
Mcu.Pin11=PF8
Mcu.Pin12=PF9
Mcu.Pin13=PF10
Mcu.Pin14=PH0/OSC_IN
Mcu.Pin15=PH1/OSC_OUT
Mcu.Pin16=PC0
Mcu.Pin17=PC1
Mcu.Pin18=PC2
Mcu.Pin19=PC3
Mcu.Pin2=PE4
Mcu.Pin20=PA3
Mcu.Pin21=PA4
Mcu.Pin22=PA5
Mcu.Pin23=PA6
Mcu.Pin24=PA7
Mcu.Pin25=PC4
Mcu.Pin26=PB0
Mcu.Pin27=PB1
Mcu.Pin28=PF11
Mcu.Pin29=PF12
Mcu.Pin3=PE6
Mcu.Pin30=PF13
Mcu.Pin31=PF14
Mcu.Pin32=PF15
Mcu.Pin33=PG0
Mcu.Pin34=PE7
Mcu.Pin35=PE8
Mcu.Pin36=PE9
Mcu.Pin37=PE10
Mcu.Pin38=PE11
Mcu.Pin39=PE12
Mcu.Pin4=PF0
Mcu.Pin40=PE14
Mcu.Pin41=PE15
Mcu.Pin42=PB10
Mcu.Pin43=PB11
Mcu.Pin44=PD8
Mcu.Pin45=PD9
Mcu.Pin46=PD10
Mcu.Pin47=PD12
Mcu.Pin48=PD14
Mcu.Pin49=PD15
Mcu.Pin5=PF1
Mcu.Pin50=PG2
Mcu.Pin51=PG4
Mcu.Pin52=PG8
Mcu.Pin53=PC6
Mcu.Pin54=PC7
Mcu.Pin55=PC9
Mcu.Pin56=PA8
Mcu.Pin57=PA11
Mcu.Pin58=PA12
Mcu.Pin59=PA13
Mcu.Pin6=PF2
Mcu.Pin60=PA14
Mcu.Pin61=PD0
Mcu.Pin62=PD1
Mcu.Pin63=PD3
Mcu.Pin64=PG13
Mcu.Pin65=PG15
Mcu.Pin66=PB5
Mcu.Pin67=PB6
Mcu.Pin68=PB8
Mcu.Pin69=PB9
Mcu.Pin7=PF3
Mcu.Pin70=VP_DMA2D_VS_DMA2D
Mcu.Pin71=VP_TIM4_VS_ClockSourceINT
Mcu.Pin8=PF4
Mcu.Pin9=PF5
Mcu.PinsNb=72
Mcu.ThirdPartyNb=0
Mcu.UserConstants=
Mcu.UserName=STM32F429ZITx
MxCube.Version=6.7.0
MxDb.Version=DB.6.0.70
NVIC.BusFault_IRQn=true\:0\:0\:false\:false\:true\:false\:false\:false
NVIC.DMA1_Stream0_IRQn=true\:0\:0\:false\:false\:true\:false\:true\:true
NVIC.DMA1_Stream3_IRQn=true\:0\:0\:false\:false\:true\:false\:true\:true
NVIC.DMA2_Stream4_IRQn=true\:0\:0\:false\:false\:true\:false\:true\:true
NVIC.DebugMonitor_IRQn=true\:0\:0\:false\:false\:true\:false\:false\:false
NVIC.ForceEnableDMAVector=true
NVIC.HardFault_IRQn=true\:0\:0\:false\:false\:true\:false\:false\:false
NVIC.MemoryManagement_IRQn=true\:0\:0\:false\:false\:true\:false\:false\:false
NVIC.NonMaskableInt_IRQn=true\:0\:0\:false\:false\:true\:false\:false\:false
NVIC.PendSV_IRQn=true\:0\:0\:false\:false\:true\:false\:false\:false
NVIC.PriorityGroup=NVIC_PRIORITYGROUP_4
NVIC.SVCall_IRQn=true\:0\:0\:false\:false\:true\:false\:false\:false
NVIC.SysTick_IRQn=true\:15\:0\:false\:false\:true\:false\:true\:false
NVIC.USART3_IRQn=true\:0\:0\:false\:false\:true\:true\:true\:true
NVIC.UsageFault_IRQn=true\:0\:0\:false\:false\:true\:false\:false\:false
PA11.Mode=RGB565
PA11.Signal=LTDC_R4
PA12.Mode=RGB565
PA12.Signal=LTDC_R5
PA13.Mode=Serial_Wire
PA13.Signal=SYS_JTMS-SWDIO
PA14.Mode=Serial_Wire
PA14.Signal=SYS_JTCK-SWCLK
PA3.Mode=RGB565
PA3.Signal=LTDC_B5
PA4.Mode=RGB565
PA4.Signal=LTDC_VSYNC
PA5.Locked=true
PA5.Signal=ADCx_IN5
PA6.Mode=RGB565
PA6.Signal=LTDC_G2
PA7.Signal=ADCx_IN7
PA8.Mode=I2C
PA8.Signal=I2C3_SCL
PB0.Mode=RGB565
PB0.Signal=LTDC_R3
PB1.Mode=RGB565
PB1.Signal=LTDC_R6
PB10.Mode=RGB565
PB10.Signal=LTDC_G4
PB11.Mode=RGB565
PB11.Signal=LTDC_G5
PB5.Mode=SdramChipSelect2_1
PB5.Signal=FMC_SDCKE1
PB6.Mode=SdramChipSelect2_1
PB6.Signal=FMC_SDNE1
PB8.Mode=RGB565
PB8.Signal=LTDC_B6
PB9.Mode=RGB565
PB9.Signal=LTDC_B7
PC0.Signal=FMC_SDNWE
PC1.Locked=true
PC1.Signal=ADCx_IN11
PC2.Signal=ADCx_IN12
PC3.Signal=ADCx_IN13
PC4.Signal=ADCx_IN14
PC6.Mode=RGB565
PC6.Signal=LTDC_HSYNC
PC7.Mode=RGB565
PC7.Signal=LTDC_G6
PC9.Mode=I2C
PC9.Signal=I2C3_SDA
PD0.Signal=FMC_D2_DA2
PD1.Signal=FMC_D3_DA3
PD10.Mode=RGB565
PD10.Signal=LTDC_B3
PD12.Signal=S_TIM4_CH1
PD14.Signal=FMC_D0_DA0
PD15.Signal=FMC_D1_DA1
PD3.Mode=RGB565
PD3.Signal=LTDC_G7
PD8.Locked=true
PD8.Mode=Asynchronous
PD8.Signal=USART3_TX
PD9.Locked=true
PD9.Mode=Asynchronous
PD9.Signal=USART3_RX
PE10.Signal=FMC_D7_DA7
PE11.Mode=RGB565
PE11.Signal=LTDC_G3
PE12.Mode=RGB565
PE12.Signal=LTDC_B4
PE14.Mode=RGB565
PE14.Signal=LTDC_CLK
PE15.Mode=RGB565
PE15.Signal=LTDC_R7
PE2.Locked=true
PE2.Signal=GPIO_Input
PE3.Locked=true
PE3.Signal=GPIO_Input
PE4.Locked=true
PE4.Signal=GPIO_Input
PE6.Locked=true
PE6.Signal=GPIO_Input
PE7.Signal=FMC_D4_DA4
PE8.Signal=FMC_D5_DA5
PE9.Signal=FMC_D6_DA6
PF0.Signal=FMC_A0
PF1.Signal=FMC_A1
PF10.Mode=RGB565
PF10.Signal=LTDC_DE
PF11.Signal=FMC_SDNRAS
PF12.Signal=FMC_A6
PF13.Signal=FMC_A7
PF14.Signal=FMC_A8
PF15.Signal=FMC_A9
PF2.Signal=FMC_A2
PF3.Signal=FMC_A3
PF4.Signal=FMC_A4
PF5.Signal=FMC_A5
PF7.Mode=Full_Duplex_Master
PF7.Signal=SPI5_SCK
PF8.Mode=Full_Duplex_Master
PF8.Signal=SPI5_MISO
PF9.Mode=Full_Duplex_Master
PF9.Signal=SPI5_MOSI
PG0.Signal=FMC_A10
PG13.GPIOParameters=GPIO_Speed
PG13.GPIO_Speed=GPIO_SPEED_FREQ_HIGH
PG13.Locked=true
PG13.Signal=GPIO_Output
PG15.Signal=FMC_SDNCAS
PG2.Locked=true
PG2.Signal=GPIO_Output
PG4.Signal=FMC_A14_BA0
PG8.Signal=FMC_SDCLK
PH0/OSC_IN.Mode=HSE-External-Clock-Source
PH0/OSC_IN.Signal=RCC_OSC_IN
PH1/OSC_OUT.Mode=HSE-External-Clock-Source
PH1/OSC_OUT.Signal=RCC_OSC_OUT
PinOutPanel.RotationAngle=0
ProjectManager.AskForMigrate=true
ProjectManager.BackupPrevious=false
ProjectManager.CompilerOptimize=6
ProjectManager.ComputerToolchain=false
ProjectManager.CoupleFile=true
ProjectManager.CustomerFirmwarePackage=
ProjectManager.DefaultFWLocation=true
ProjectManager.DeletePrevious=true
ProjectManager.DeviceId=STM32F429ZITx
ProjectManager.FirmwarePackage=STM32Cube FW_F4 V1.27.1
ProjectManager.FreePins=false
ProjectManager.HalAssertFull=false
ProjectManager.HeapSize=0x200
ProjectManager.KeepUserCode=true
ProjectManager.LastFirmware=true
ProjectManager.LibraryCopy=1
ProjectManager.MainLocation=Core/Src
ProjectManager.NoMain=false
ProjectManager.PreviousToolchain=STM32CubeIDE
ProjectManager.ProjectBuild=false
ProjectManager.ProjectFileName=demo.ioc
ProjectManager.ProjectName=demo
ProjectManager.RegisterCallBack=
ProjectManager.StackSize=0x400
ProjectManager.TargetToolchain=STM32CubeIDE
ProjectManager.ToolChainLocation=
ProjectManager.UnderRoot=true
ProjectManager.functionlistsort=1-SystemClock_Config-RCC-false-HAL-false,2-MX_GPIO_Init-GPIO-false-HAL-true,3-MX_DMA_Init-DMA-false-HAL-true,4-MX_ADC1_Init-ADC1-false-HAL-true,5-MX_TIM4_Init-TIM4-false-HAL-true,6-MX_DMA2D_Init-DMA2D-false-HAL-true,7-MX_FMC_Init-FMC-false-HAL-true,8-MX_I2C3_Init-I2C3-false-HAL-true,9-MX_SPI5_Init-SPI5-false-HAL-true,10-MX_LTDC_Init-LTDC-false-HAL-true,11-MX_USART3_UART_Init-USART3-false-HAL-true
RCC.48MHZClocksFreq_Value=90000000
RCC.AHBFreq_Value=180000000
RCC.APB1CLKDivider=RCC_HCLK_DIV4
RCC.APB1Freq_Value=45000000
RCC.APB1TimFreq_Value=90000000
RCC.APB2CLKDivider=RCC_HCLK_DIV2
RCC.APB2Freq_Value=90000000
RCC.APB2TimFreq_Value=180000000
RCC.CortexFreq_Value=180000000
RCC.EthernetFreq_Value=180000000
RCC.FCLKCortexFreq_Value=180000000
RCC.FamilyName=M
RCC.HCLKFreq_Value=180000000
RCC.HSE_VALUE=8000000
RCC.HSI_VALUE=16000000
RCC.I2SClocksFreq_Value=192000000
RCC.IPParameters=48MHZClocksFreq_Value,AHBFreq_Value,APB1CLKDivider,APB1Freq_Value,APB1TimFreq_Value,APB2CLKDivider,APB2Freq_Value,APB2TimFreq_Value,CortexFreq_Value,EthernetFreq_Value,FCLKCortexFreq_Value,FamilyName,HCLKFreq_Value,HSE_VALUE,HSI_VALUE,I2SClocksFreq_Value,LCDTFTFreq_Value,LSE_VALUE,LSI_VALUE,MCO2PinFreq_Value,PLLCLKFreq_Value,PLLM,PLLN,PLLQCLKFreq_Value,PLLSAIN,PLLSAIR,PLLSourceVirtual,RTCFreq_Value,RTCHSEDivFreq_Value,SAI_AClocksFreq_Value,SAI_BClocksFreq_Value,SYSCLKFreq_VALUE,SYSCLKSource,VCOI2SOutputFreq_Value,VCOInputFreq_Value,VCOOutputFreq_Value,VCOSAIOutputFreq_Value,VCOSAIOutputFreq_ValueQ,VCOSAIOutputFreq_ValueR,VcooutputI2S,VcooutputI2SQ
RCC.LCDTFTFreq_Value=12500000
RCC.LSE_VALUE=32768
RCC.LSI_VALUE=32000
RCC.MCO2PinFreq_Value=180000000
RCC.PLLCLKFreq_Value=180000000
RCC.PLLM=4
RCC.PLLN=180
RCC.PLLQCLKFreq_Value=90000000
RCC.PLLSAIN=50
RCC.PLLSAIR=4
RCC.PLLSourceVirtual=RCC_PLLSOURCE_HSE
RCC.RTCFreq_Value=32000
RCC.RTCHSEDivFreq_Value=4000000
RCC.SAI_AClocksFreq_Value=25000000
RCC.SAI_BClocksFreq_Value=25000000
RCC.SYSCLKFreq_VALUE=180000000
RCC.SYSCLKSource=RCC_SYSCLKSOURCE_PLLCLK
RCC.VCOI2SOutputFreq_Value=384000000
RCC.VCOInputFreq_Value=2000000
RCC.VCOOutputFreq_Value=360000000
RCC.VCOSAIOutputFreq_Value=100000000
RCC.VCOSAIOutputFreq_ValueQ=25000000
RCC.VCOSAIOutputFreq_ValueR=25000000
RCC.VcooutputI2S=192000000
RCC.VcooutputI2SQ=192000000
SH.ADCx_IN11.0=ADC1_IN11,IN11
SH.ADCx_IN11.ConfNb=1
SH.ADCx_IN12.0=ADC1_IN12,IN12
SH.ADCx_IN12.ConfNb=1
SH.ADCx_IN13.0=ADC1_IN13,IN13
SH.ADCx_IN13.ConfNb=1
SH.ADCx_IN14.0=ADC1_IN14,IN14
SH.ADCx_IN14.ConfNb=1
SH.ADCx_IN5.0=ADC1_IN5,IN5
SH.ADCx_IN5.ConfNb=1
SH.ADCx_IN7.0=ADC1_IN7,IN7
SH.ADCx_IN7.ConfNb=1
SH.FMC_A0.0=FMC_A0,11b-sda1
SH.FMC_A0.ConfNb=1
SH.FMC_A1.0=FMC_A1,11b-sda1
SH.FMC_A1.ConfNb=1
SH.FMC_A10.0=FMC_A10,11b-sda1
SH.FMC_A10.ConfNb=1
SH.FMC_A14_BA0.0=FMC_BA0,TwoSdramBanks1
SH.FMC_A14_BA0.ConfNb=1
SH.FMC_A2.0=FMC_A2,11b-sda1
SH.FMC_A2.ConfNb=1
SH.FMC_A3.0=FMC_A3,11b-sda1
SH.FMC_A3.ConfNb=1
SH.FMC_A4.0=FMC_A4,11b-sda1
SH.FMC_A4.ConfNb=1
SH.FMC_A5.0=FMC_A5,11b-sda1
SH.FMC_A5.ConfNb=1
SH.FMC_A6.0=FMC_A6,11b-sda1
SH.FMC_A6.ConfNb=1
SH.FMC_A7.0=FMC_A7,11b-sda1
SH.FMC_A7.ConfNb=1
SH.FMC_A8.0=FMC_A8,11b-sda1
SH.FMC_A8.ConfNb=1
SH.FMC_A9.0=FMC_A9,11b-sda1
SH.FMC_A9.ConfNb=1
SH.FMC_D0_DA0.0=FMC_D0,sd-8b-d1
SH.FMC_D0_DA0.ConfNb=1
SH.FMC_D1_DA1.0=FMC_D1,sd-8b-d1
SH.FMC_D1_DA1.ConfNb=1
SH.FMC_D2_DA2.0=FMC_D2,sd-8b-d1
SH.FMC_D2_DA2.ConfNb=1
SH.FMC_D3_DA3.0=FMC_D3,sd-8b-d1
SH.FMC_D3_DA3.ConfNb=1
SH.FMC_D4_DA4.0=FMC_D4,sd-8b-d1
SH.FMC_D4_DA4.ConfNb=1
SH.FMC_D5_DA5.0=FMC_D5,sd-8b-d1
SH.FMC_D5_DA5.ConfNb=1
SH.FMC_D6_DA6.0=FMC_D6,sd-8b-d1
SH.FMC_D6_DA6.ConfNb=1
SH.FMC_D7_DA7.0=FMC_D7,sd-8b-d1
SH.FMC_D7_DA7.ConfNb=1
SH.FMC_SDCLK.0=FMC_SDCLK,11b-sda1
SH.FMC_SDCLK.ConfNb=1
SH.FMC_SDNCAS.0=FMC_SDNCAS,11b-sda1
SH.FMC_SDNCAS.ConfNb=1
SH.FMC_SDNRAS.0=FMC_SDNRAS,11b-sda1
SH.FMC_SDNRAS.ConfNb=1
SH.FMC_SDNWE.0=FMC_SDNWE,11b-sda1
SH.FMC_SDNWE.ConfNb=1
SH.S_TIM4_CH1.0=TIM4_CH1,PWM Generation1 CH1
SH.S_TIM4_CH1.ConfNb=1
SPI5.CalculateBaudRate=45.0 MBits/s
SPI5.Direction=SPI_DIRECTION_2LINES
SPI5.IPParameters=VirtualType,Mode,Direction,CalculateBaudRate
SPI5.Mode=SPI_MODE_MASTER
SPI5.VirtualType=VM_MASTER
TIM4.Channel-PWM\ Generation1\ CH1=TIM_CHANNEL_1
TIM4.IPParameters=Channel-PWM Generation1 CH1,Period
TIM4.Period=112-1
USART3.IPParameters=VirtualMode
USART3.VirtualMode=VM_ASYNC
VP_DMA2D_VS_DMA2D.Mode=DMA2D_Activate
VP_DMA2D_VS_DMA2D.Signal=DMA2D_VS_DMA2D
VP_TIM4_VS_ClockSourceINT.Mode=Internal
VP_TIM4_VS_ClockSourceINT.Signal=TIM4_VS_ClockSourceINT
board=custom
isbadioc=false
